
Microsoft Visual Studio Solution File, Format Version 12.00
# Visual Studio 2015
Project("{FAE04EC0-301F-11D3-BF4B-00C04F79EFBC}") = "Assembly-CSharp", "Assembly-CSharp.csproj", "{7046E52D-B4D4-93F9-47D3-F27EF2C98E77}"
EndProject
Project("{FAE04EC0-301F-11D3-BF4B-00C04F79EFBC}") = "Unity.2D.Tilemap.Extras", "Unity.2D.Tilemap.Extras.csproj", "{450B4DC3-A5B2-8BD9-805E-92B4B79E2897}"
EndProject
Project("{FAE04EC0-301F-11D3-BF4B-00C04F79EFBC}") = "Unity.2D.Tilemap.Extras.Editor", "Unity.2D.Tilemap.Extras.Editor.csproj", "{E58374CB-20EB-CCAF-B631-A2689C04D8B9}"
EndProject
Global
	GlobalSection(SolutionConfigurationPlatforms) = preSolution
		Debug|Any CPU = Debug|Any CPU
		Release|Any CPU = Release|Any CPU
	EndGlobalSection
	GlobalSection(ProjectConfigurationPlatforms) = postSolution
		{7046E52D-B4D4-93F9-47D3-F27EF2C98E77}.Debug|Any CPU.ActiveCfg = Debug|Any CPU
		{7046E52D-B4D4-93F9-47D3-F27EF2C98E77}.Debug|Any CPU.Build.0 = Debug|Any CPU
		{7046E52D-B4D4-93F9-47D3-F27EF2C98E77}.Release|Any CPU.ActiveCfg = Release|Any CPU
		{7046E52D-B4D4-93F9-47D3-F27EF2C98E77}.Release|Any CPU.Build.0 = Release|Any CPU
		{450B4DC3-A5B2-8BD9-805E-92B4B79E2897}.Debug|Any CPU.ActiveCfg = Debug|Any CPU
		{450B4DC3-A5B2-8BD9-805E-92B4B79E2897}.Debug|Any CPU.Build.0 = Debug|Any CPU
		{450B4DC3-A5B2-8BD9-805E-92B4B79E2897}.Release|Any CPU.ActiveCfg = Release|Any CPU
		{450B4DC3-A5B2-8BD9-805E-92B4B79E2897}.Release|Any CPU.Build.0 = Release|Any CPU
		{E58374CB-20EB-CCAF-B631-A2689C04D8B9}.Debug|Any CPU.ActiveCfg = Debug|Any CPU
		{E58374CB-20EB-CCAF-B631-A2689C04D8B9}.Debug|Any CPU.Build.0 = Debug|Any CPU
		{E58374CB-20EB-CCAF-B631-A2689C04D8B9}.Release|Any CPU.ActiveCfg = Release|Any CPU
		{E58374CB-20EB-CCAF-B631-A2689C04D8B9}.Release|Any CPU.Build.0 = Release|Any CPU
	EndGlobalSection
	GlobalSection(SolutionProperties) = preSolution
		HideSolutionNode = FALSE
	EndGlobalSection
EndGlobal
